// !$*UTF8*$!
{
	archiveVersion = 1;
	classes = {
	};
	objectVersion = 55;
	objects = {

/* Begin PBXBuildFile section */
		BD05047728AA898B000DF96F /* ToDoTableViewController.swift in Sources */ = {isa = PBXBuildFile; fileRef = BD05047628AA898B000DF96F /* ToDoTableViewController.swift */; };
		BD05047928AA89F5000DF96F /* ToDo.swift in Sources */ = {isa = PBXBuildFile; fileRef = BD05047828AA89F5000DF96F /* ToDo.swift */; };
		BD32355828AA859800BDF6F4 /* AppDelegate.swift in Sources */ = {isa = PBXBuildFile; fileRef = BD32355728AA859800BDF6F4 /* AppDelegate.swift */; };
		BD32355A28AA859800BDF6F4 /* SceneDelegate.swift in Sources */ = {isa = PBXBuildFile; fileRef = BD32355928AA859800BDF6F4 /* SceneDelegate.swift */; };
		BD32355F28AA859800BDF6F4 /* Main.storyboard in Resources */ = {isa = PBXBuildFile; fileRef = BD32355D28AA859800BDF6F4 /* Main.storyboard */; };
		BD32356228AA859800BDF6F4 /* to_doList.xcdatamodeld in Sources */ = {isa = PBXBuildFile; fileRef = BD32356028AA859800BDF6F4 /* to_doList.xcdatamodeld */; };
		BD32356428AA859900BDF6F4 /* Assets.xcassets in Resources */ = {isa = PBXBuildFile; fileRef = BD32356328AA859900BDF6F4 /* Assets.xcassets */; };
		BD32356728AA859900BDF6F4 /* LaunchScreen.storyboard in Resources */ = {isa = PBXBuildFile; fileRef = BD32356528AA859900BDF6F4 /* LaunchScreen.storyboard */; };
		BD32357228AA859900BDF6F4 /* to_doListTests.swift in Sources */ = {isa = PBXBuildFile; fileRef = BD32357128AA859900BDF6F4 /* to_doListTests.swift */; };
		BD32357C28AA859900BDF6F4 /* to_doListUITests.swift in Sources */ = {isa = PBXBuildFile; fileRef = BD32357B28AA859900BDF6F4 /* to_doListUITests.swift */; };
		BD32357E28AA859900BDF6F4 /* to_doListUITestsLaunchTests.swift in Sources */ = {isa = PBXBuildFile; fileRef = BD32357D28AA859900BDF6F4 /* to_doListUITestsLaunchTests.swift */; };
/* End PBXBuildFile section */

/* Begin PBXContainerItemProxy section */
		BD32356E28AA859900BDF6F4 /* PBXContainerItemProxy */ = {
			isa = PBXContainerItemProxy;
			containerPortal = BD32354C28AA859800BDF6F4 /* Project object */;
			proxyType = 1;
			remoteGlobalIDString = BD32355328AA859800BDF6F4;
			remoteInfo = "to-doList";
		};
		BD32357828AA859900BDF6F4 /* PBXContainerItemProxy */ = {
			isa = PBXContainerItemProxy;
			containerPortal = BD32354C28AA859800BDF6F4 /* Project object */;
			proxyType = 1;
			remoteGlobalIDString = BD32355328AA859800BDF6F4;
			remoteInfo = "to-doList";
		};
/* End PBXContainerItemProxy section */

/* Begin PBXFileReference section */
		BD05047628AA898B000DF96F /* ToDoTableViewController.swift */ = {isa = PBXFileReference; lastKnownFileType = sourcecode.swift; path = ToDoTableViewController.swift; sourceTree = "<group>"; };
		BD05047828AA89F5000DF96F /* ToDo.swift */ = {isa = PBXFileReference; lastKnownFileType = sourcecode.swift; path = ToDo.swift; sourceTree = "<group>"; };
		BD32355428AA859800BDF6F4 /* to-doList.app */ = {isa = PBXFileReference; explicitFileType = wrapper.application; includeInIndex = 0; path = "to-doList.app"; sourceTree = BUILT_PRODUCTS_DIR; };
		BD32355728AA859800BDF6F4 /* AppDelegate.swift */ = {isa = PBXFileReference; lastKnownFileType = sourcecode.swift; path = AppDelegate.swift; sourceTree = "<group>"; };
		BD32355928AA859800BDF6F4 /* SceneDelegate.swift */ = {isa = PBXFileReference; lastKnownFileType = sourcecode.swift; path = SceneDelegate.swift; sourceTree = "<group>"; };
		BD32355E28AA859800BDF6F4 /* Base */ = {isa = PBXFileReference; lastKnownFileType = file.storyboard; name = Base; path = Base.lproj/Main.storyboard; sourceTree = "<group>"; };
		BD32356128AA859800BDF6F4 /* to_doList.xcdatamodel */ = {isa = PBXFileReference; lastKnownFileType = wrapper.xcdatamodel; path = to_doList.xcdatamodel; sourceTree = "<group>"; };
		BD32356328AA859900BDF6F4 /* Assets.xcassets */ = {isa = PBXFileReference; lastKnownFileType = folder.assetcatalog; path = Assets.xcassets; sourceTree = "<group>"; };
		BD32356628AA859900BDF6F4 /* Base */ = {isa = PBXFileReference; lastKnownFileType = file.storyboard; name = Base; path = Base.lproj/LaunchScreen.storyboard; sourceTree = "<group>"; };
		BD32356828AA859900BDF6F4 /* Info.plist */ = {isa = PBXFileReference; lastKnownFileType = text.plist.xml; path = Info.plist; sourceTree = "<group>"; };
		BD32356D28AA859900BDF6F4 /* to-doListTests.xctest */ = {isa = PBXFileReference; explicitFileType = wrapper.cfbundle; includeInIndex = 0; path = "to-doListTests.xctest"; sourceTree = BUILT_PRODUCTS_DIR; };
		BD32357128AA859900BDF6F4 /* to_doListTests.swift */ = {isa = PBXFileReference; lastKnownFileType = sourcecode.swift; path = to_doListTests.swift; sourceTree = "<group>"; };
		BD32357728AA859900BDF6F4 /* to-doListUITests.xctest */ = {isa = PBXFileReference; explicitFileType = wrapper.cfbundle; includeInIndex = 0; path = "to-doListUITests.xctest"; sourceTree = BUILT_PRODUCTS_DIR; };
		BD32357B28AA859900BDF6F4 /* to_doListUITests.swift */ = {isa = PBXFileReference; lastKnownFileType = sourcecode.swift; path = to_doListUITests.swift; sourceTree = "<group>"; };
		BD32357D28AA859900BDF6F4 /* to_doListUITestsLaunchTests.swift */ = {isa = PBXFileReference; lastKnownFileType = sourcecode.swift; path = to_doListUITestsLaunchTests.swift; sourceTree = "<group>"; };
/* End PBXFileReference section */

/* Begin PBXFrameworksBuildPhase section */
		BD32355128AA859800BDF6F4 /* Frameworks */ = {
			isa = PBXFrameworksBuildPhase;
			buildActionMask = 2147483647;
			files = (
			);
			runOnlyForDeploymentPostprocessing = 0;
		};
		BD32356A28AA859900BDF6F4 /* Frameworks */ = {
			isa = PBXFrameworksBuildPhase;
			buildActionMask = 2147483647;
			files = (
			);
			runOnlyForDeploymentPostprocessing = 0;
		};
		BD32357428AA859900BDF6F4 /* Frameworks */ = {
			isa = PBXFrameworksBuildPhase;
			buildActionMask = 2147483647;
			files = (
			);
			runOnlyForDeploymentPostprocessing = 0;
		};
/* End PBXFrameworksBuildPhase section */

/* Begin PBXGroup section */
		BD32354B28AA859800BDF6F4 = {
			isa = PBXGroup;
			children = (
				BD05047828AA89F5000DF96F /* ToDo.swift */,
				BD05047628AA898B000DF96F /* ToDoTableViewController.swift */,
				BD32355628AA859800BDF6F4 /* to-doList */,
				BD32357028AA859900BDF6F4 /* to-doListTests */,
				BD32357A28AA859900BDF6F4 /* to-doListUITests */,
				BD32355528AA859800BDF6F4 /* Products */,
			);
			sourceTree = "<group>";
		};
		BD32355528AA859800BDF6F4 /* Products */ = {
			isa = PBXGroup;
			children = (
				BD32355428AA859800BDF6F4 /* to-doList.app */,
				BD32356D28AA859900BDF6F4 /* to-doListTests.xctest */,
				BD32357728AA859900BDF6F4 /* to-doListUITests.xctest */,
			);
			name = Products;
			sourceTree = "<group>";
		};
		BD32355628AA859800BDF6F4 /* to-doList */ = {
			isa = PBXGroup;
			children = (
				BD32355728AA859800BDF6F4 /* AppDelegate.swift */,
				BD32355928AA859800BDF6F4 /* SceneDelegate.swift */,
				BD32355D28AA859800BDF6F4 /* Main.storyboard */,
				BD32356328AA859900BDF6F4 /* Assets.xcassets */,
				BD32356528AA859900BDF6F4 /* LaunchScreen.storyboard */,
				BD32356828AA859900BDF6F4 /* Info.plist */,
				BD32356028AA859800BDF6F4 /* to_doList.xcdatamodeld */,
			);
			path = "to-doList";
			sourceTree = "<group>";
		};
		BD32357028AA859900BDF6F4 /* to-doListTests */ = {
			isa = PBXGroup;
			children = (
				BD32357128AA859900BDF6F4 /* to_doListTests.swift */,
			);
			path = "to-doListTests";
			sourceTree = "<group>";
		};
		BD32357A28AA859900BDF6F4 /* to-doListUITests */ = {
			isa = PBXGroup;
			children = (
				BD32357B28AA859900BDF6F4 /* to_doListUITests.swift */,
				BD32357D28AA859900BDF6F4 /* to_doListUITestsLaunchTests.swift */,
			);
			path = "to-doListUITests";
			sourceTree = "<group>";
		};
/* End PBXGroup section */

/* Begin PBXNativeTarget section */
		BD32355328AA859800BDF6F4 /* to-doList */ = {
			isa = PBXNativeTarget;
			buildConfigurationList = BD32358128AA859900BDF6F4 /* Build configuration list for PBXNativeTarget "to-doList" */;
			buildPhases = (
				BD32355028AA859800BDF6F4 /* Sources */,
				BD32355128AA859800BDF6F4 /* Frameworks */,
				BD32355228AA859800BDF6F4 /* Resources */,
			);
			buildRules = (
			);
			dependencies = (
			);
			name = "to-doList";
			productName = "to-doList";
			productReference = BD32355428AA859800BDF6F4 /* to-doList.app */;
			productType = "com.apple.product-type.application";
		};
		BD32356C28AA859900BDF6F4 /* to-doListTests */ = {
			isa = PBXNativeTarget;
			buildConfigurationList = BD32358428AA859900BDF6F4 /* Build configuration list for PBXNativeTarget "to-doListTests" */;
			buildPhases = (
				BD32356928AA859900BDF6F4 /* Sources */,
				BD32356A28AA859900BDF6F4 /* Frameworks */,
				BD32356B28AA859900BDF6F4 /* Resources */,
			);
			buildRules = (
			);
			dependencies = (
				BD32356F28AA859900BDF6F4 /* PBXTargetDependency */,
			);
			name = "to-doListTests";
			productName = "to-doListTests";
			productReference = BD32356D28AA859900BDF6F4 /* to-doListTests.xctest */;
			productType = "com.apple.product-type.bundle.unit-test";
		};
		BD32357628AA859900BDF6F4 /* to-doListUITests */ = {
			isa = PBXNativeTarget;
			buildConfigurationList = BD32358728AA859900BDF6F4 /* Build configuration list for PBXNativeTarget "to-doListUITests" */;
			buildPhases = (
				BD32357328AA859900BDF6F4 /* Sources */,
				BD32357428AA859900BDF6F4 /* Frameworks */,
				BD32357528AA859900BDF6F4 /* Resources */,
			);
			buildRules = (
			);
			dependencies = (
				BD32357928AA859900BDF6F4 /* PBXTargetDependency */,
			);
			name = "to-doListUITests";
			productName = "to-doListUITests";
			productReference = BD32357728AA859900BDF6F4 /* to-doListUITests.xctest */;
			productType = "com.apple.product-type.bundle.ui-testing";
		};
/* End PBXNativeTarget section */

/* Begin PBXProject section */
		BD32354C28AA859800BDF6F4 /* Project object */ = {
			isa = PBXProject;
			attributes = {
				BuildIndependentTargetsInParallel = 1;
				LastSwiftUpdateCheck = 1340;
				LastUpgradeCheck = 1340;
				TargetAttributes = {
					BD32355328AA859800BDF6F4 = {
						CreatedOnToolsVersion = 13.4.1;
					};
					BD32356C28AA859900BDF6F4 = {
						CreatedOnToolsVersion = 13.4.1;
						TestTargetID = BD32355328AA859800BDF6F4;
					};
					BD32357628AA859900BDF6F4 = {
						CreatedOnToolsVersion = 13.4.1;
						TestTargetID = BD32355328AA859800BDF6F4;
					};
				};
			};
			buildConfigurationList = BD32354F28AA859800BDF6F4 /* Build configuration list for PBXProject "to-doList" */;
			compatibilityVersion = "Xcode 13.0";
			developmentRegion = en;
			hasScannedForEncodings = 0;
			knownRegions = (
				en,
				Base,
			);
			mainGroup = BD32354B28AA859800BDF6F4;
			productRefGroup = BD32355528AA859800BDF6F4 /* Products */;
			projectDirPath = "";
			projectRoot = "";
			targets = (
				BD32355328AA859800BDF6F4 /* to-doList */,
				BD32356C28AA859900BDF6F4 /* to-doListTests */,
				BD32357628AA859900BDF6F4 /* to-doListUITests */,
			);
		};
/* End PBXProject section */

/* Begin PBXResourcesBuildPhase section */
		BD32355228AA859800BDF6F4 /* Resources */ = {
			isa = PBXResourcesBuildPhase;
			buildActionMask = 2147483647;
			files = (
				BD32356728AA859900BDF6F4 /* LaunchScreen.storyboard in Resources */,
				BD32356428AA859900BDF6F4 /* Assets.xcassets in Resources */,
				BD32355F28AA859800BDF6F4 /* Main.storyboard in Resources */,
			);
			runOnlyForDeploymentPostprocessing = 0;
		};
		BD32356B28AA859900BDF6F4 /* Resources */ = {
			isa = PBXResourcesBuildPhase;
			buildActionMask = 2147483647;
			files = (
			);
			runOnlyForDeploymentPostprocessing = 0;
		};
		BD32357528AA859900BDF6F4 /* Resources */ = {
			isa = PBXResourcesBuildPhase;
			buildActionMask = 2147483647;
			files = (
			);
			runOnlyForDeploymentPostprocessing = 0;
		};
/* End PBXResourcesBuildPhase section */

/* Begin PBXSourcesBuildPhase section */
		BD32355028AA859800BDF6F4 /* Sources */ = {
			isa = PBXSourcesBuildPhase;
			buildActionMask = 2147483647;
			files = (
				BD32355828AA859800BDF6F4 /* AppDelegate.swift in Sources */,
				BD05047928AA89F5000DF96F /* ToDo.swift in Sources */,
				BD05047728AA898B000DF96F /* ToDoTableViewController.swift in Sources */,
				BD32355A28AA859800BDF6F4 /* SceneDelegate.swift in Sources */,
				BD32356228AA859800BDF6F4 /* to_doList.xcdatamodeld in Sources */,
			);
			runOnlyForDeploymentPostprocessing = 0;
		};
		BD32356928AA859900BDF6F4 /* Sources */ = {
			isa = PBXSourcesBuildPhase;
			buildActionMask = 2147483647;
			files = (
				BD32357228AA859900BDF6F4 /* to_doListTests.swift in Sources */,
			);
			runOnlyForDeploymentPostprocessing = 0;
		};
		BD32357328AA859900BDF6F4 /* Sources */ = {
			isa = PBXSourcesBuildPhase;
			buildActionMask = 2147483647;
			files = (
				BD32357E28AA859900BDF6F4 /* to_doListUITestsLaunchTests.swift in Sources */,
				BD32357C28AA859900BDF6F4 /* to_doListUITests.swift in Sources */,
			);
			runOnlyForDeploymentPostprocessing = 0;
		};
/* End PBXSourcesBuildPhase section */

/* Begin PBXTargetDependency section */
		BD32356F28AA859900BDF6F4 /* PBXTargetDependency */ = {
			isa = PBXTargetDependency;
			target = BD32355328AA859800BDF6F4 /* to-doList */;
			targetProxy = BD32356E28AA859900BDF6F4 /* PBXContainerItemProxy */;
		};
		BD32357928AA859900BDF6F4 /* PBXTargetDependency */ = {
			isa = PBXTargetDependency;
			target = BD32355328AA859800BDF6F4 /* to-doList */;
			targetProxy = BD32357828AA859900BDF6F4 /* PBXContainerItemProxy */;
		};
/* End PBXTargetDependency section */

/* Begin PBXVariantGroup section */
		BD32355D28AA859800BDF6F4 /* Main.storyboard */ = {
			isa = PBXVariantGroup;
			children = (
				BD32355E28AA859800BDF6F4 /* Base */,
			);
			name = Main.storyboard;
			sourceTree = "<group>";
		};
		BD32356528AA859900BDF6F4 /* LaunchScreen.storyboard */ = {
			isa = PBXVariantGroup;
			children = (
				BD32356628AA859900BDF6F4 /* Base */,
			);
			name = LaunchScreen.storyboard;
			sourceTree = "<group>";
		};
/* End PBXVariantGroup section */

/* Begin XCBuildConfiguration section */
		BD32357F28AA859900BDF6F4 /* Debug */ = {
			isa = XCBuildConfiguration;
			buildSettings = {
				ALWAYS_SEARCH_USER_PATHS = NO;
				CLANG_ANALYZER_NONNULL = YES;
				CLANG_ANALYZER_NUMBER_OBJECT_CONVERSION = YES_AGGRESSIVE;
				CLANG_CXX_LANGUAGE_STANDARD = "gnu++17";
				CLANG_ENABLE_MODULES = YES;
				CLANG_ENABLE_OBJC_ARC = YES;
				CLANG_ENABLE_OBJC_WEAK = YES;
				CLANG_WARN_BLOCK_CAPTURE_AUTORELEASING = YES;
				CLANG_WARN_BOOL_CONVERSION = YES;
				CLANG_WARN_COMMA = YES;
				CLANG_WARN_CONSTANT_CONVERSION = YES;
				CLANG_WARN_DEPRECATED_OBJC_IMPLEMENTATIONS = YES;
				CLANG_WARN_DIRECT_OBJC_ISA_USAGE = YES_ERROR;
				CLANG_WARN_DOCUMENTATION_COMMENTS = YES;
				CLANG_WARN_EMPTY_BODY = YES;
				CLANG_WARN_ENUM_CONVERSION = YES;
				CLANG_WARN_INFINITE_RECURSION = YES;
				CLANG_WARN_INT_CONVERSION = YES;
				CLANG_WARN_NON_LITERAL_NULL_CONVERSION = YES;
				CLANG_WARN_OBJC_IMPLICIT_RETAIN_SELF = YES;
				CLANG_WARN_OBJC_LITERAL_CONVERSION = YES;
				CLANG_WARN_OBJC_ROOT_CLASS = YES_ERROR;
				CLANG_WARN_QUOTED_INCLUDE_IN_FRAMEWORK_HEADER = YES;
				CLANG_WARN_RANGE_LOOP_ANALYSIS = YES;
				CLANG_WARN_STRICT_PROTOTYPES = YES;
				CLANG_WARN_SUSPICIOUS_MOVE = YES;
				CLANG_WARN_UNGUARDED_AVAILABILITY = YES_AGGRESSIVE;
				CLANG_WARN_UNREACHABLE_CODE = YES;
				CLANG_WARN__DUPLICATE_METHOD_MATCH = YES;
				COPY_PHASE_STRIP = NO;
				DEBUG_INFORMATION_FORMAT = dwarf;
				ENABLE_STRICT_OBJC_MSGSEND = YES;
				ENABLE_TESTABILITY = YES;
				GCC_C_LANGUAGE_STANDARD = gnu11;
				GCC_DYNAMIC_NO_PIC = NO;
				GCC_NO_COMMON_BLOCKS = YES;
				GCC_OPTIMIZATION_LEVEL = 0;
				GCC_PREPROCESSOR_DEFINITIONS = (
					"DEBUG=1",
					"$(inherited)",
				);
				GCC_WARN_64_TO_32_BIT_CONVERSION = YES;
				GCC_WARN_ABOUT_RETURN_TYPE = YES_ERROR;
				GCC_WARN_UNDECLARED_SELECTOR = YES;
				GCC_WARN_UNINITIALIZED_AUTOS = YES_AGGRESSIVE;
				GCC_WARN_UNUSED_FUNCTION = YES;
				GCC_WARN_UNUSED_VARIABLE = YES;
				IPHONEOS_DEPLOYMENT_TARGET = 15.5;
				MTL_ENABLE_DEBUG_INFO = INCLUDE_SOURCE;
				MTL_FAST_MATH = YES;
				ONLY_ACTIVE_ARCH = YES;
				SDKROOT = iphoneos;
				SWIFT_ACTIVE_COMPILATION_CONDITIONS = DEBUG;
				SWIFT_OPTIMIZATION_LEVEL = "-Onone";
			};
			name = Debug;
		};
		BD32358028AA859900BDF6F4 /* Release */ = {
			isa = XCBuildConfiguration;
			buildSettings = {
				ALWAYS_SEARCH_USER_PATHS = NO;
				CLANG_ANALYZER_NONNULL = YES;
				CLANG_ANALYZER_NUMBER_OBJECT_CONVERSION = YES_AGGRESSIVE;
				CLANG_CXX_LANGUAGE_STANDARD = "gnu++17";
				CLANG_ENABLE_MODULES = YES;
				CLANG_ENABLE_OBJC_ARC = YES;
				CLANG_ENABLE_OBJC_WEAK = YES;
				CLANG_WARN_BLOCK_CAPTURE_AUTORELEASING = YES;
				CLANG_WARN_BOOL_CONVERSION = YES;
				CLANG_WARN_COMMA = YES;
				CLANG_WARN_CONSTANT_CONVERSION = YES;
				CLANG_WARN_DEPRECATED_OBJC_IMPLEMENTATIONS = YES;
				CLANG_WARN_DIRECT_OBJC_ISA_USAGE = YES_ERROR;
				CLANG_WARN_DOCUMENTATION_COMMENTS = YES;
				CLANG_WARN_EMPTY_BODY = YES;
				CLANG_WARN_ENUM_CONVERSION = YES;
				CLANG_WARN_INFINITE_RECURSION = YES;
				CLANG_WARN_INT_CONVERSION = YES;
				CLANG_WARN_NON_LITERAL_NULL_CONVERSION = YES;
				CLANG_WARN_OBJC_IMPLICIT_RETAIN_SELF = YES;
				CLANG_WARN_OBJC_LITERAL_CONVERSION = YES;
				CLANG_WARN_OBJC_ROOT_CLASS = YES_ERROR;
				CLANG_WARN_QUOTED_INCLUDE_IN_FRAMEWORK_HEADER = YES;
				CLANG_WARN_RANGE_LOOP_ANALYSIS = YES;
				CLANG_WARN_STRICT_PROTOTYPES = YES;
				CLANG_WARN_SUSPICIOUS_MOVE = YES;
				CLANG_WARN_UNGUARDED_AVAILABILITY = YES_AGGRESSIVE;
				CLANG_WARN_UNREACHABLE_CODE = YES;
				CLANG_WARN__DUPLICATE_METHOD_MATCH = YES;
				COPY_PHASE_STRIP = NO;
				DEBUG_INFORMATION_FORMAT = "dwarf-with-dsym";
				ENABLE_NS_ASSERTIONS = NO;
				ENABLE_STRICT_OBJC_MSGSEND = YES;
				GCC_C_LANGUAGE_STANDARD = gnu11;
				GCC_NO_COMMON_BLOCKS = YES;
				GCC_WARN_64_TO_32_BIT_CONVERSION = YES;
				GCC_WARN_ABOUT_RETURN_TYPE = YES_ERROR;
				GCC_WARN_UNDECLARED_SELECTOR = YES;
				GCC_WARN_UNINITIALIZED_AUTOS = YES_AGGRESSIVE;
				GCC_WARN_UNUSED_FUNCTION = YES;
				GCC_WARN_UNUSED_VARIABLE = YES;
				IPHONEOS_DEPLOYMENT_TARGET = 15.5;
				MTL_ENABLE_DEBUG_INFO = NO;
				MTL_FAST_MATH = YES;
				SDKROOT = iphoneos;
				SWIFT_COMPILATION_MODE = wholemodule;
				SWIFT_OPTIMIZATION_LEVEL = "-O";
				VALIDATE_PRODUCT = YES;
			};
			name = Release;
		};
		BD32358228AA859900BDF6F4 /* Debug */ = {
			isa = XCBuildConfiguration;
			buildSettings = {
				ASSETCATALOG_COMPILER_APPICON_NAME = AppIcon;
				ASSETCATALOG_COMPILER_GLOBAL_ACCENT_COLOR_NAME = AccentColor;
				CODE_SIGN_STYLE = Automatic;
				CURRENT_PROJECT_VERSION = 1;
				GENERATE_INFOPLIST_FILE = YES;
				INFOPLIST_FILE = "to-doList/Info.plist";
				INFOPLIST_KEY_UIApplicationSupportsIndirectInputEvents = YES;
				INFOPLIST_KEY_UILaunchStoryboardName = LaunchScreen;
				INFOPLIST_KEY_UIMainStoryboardFile = Main;
				INFOPLIST_KEY_UISupportedInterfaceOrientations_iPad = "UIInterfaceOrientationPortrait UIInterfaceOrientationPortraitUpsideDown UIInterfaceOrientationLandscapeLeft UIInterfaceOrientationLandscapeRight";
				INFOPLIST_KEY_UISupportedInterfaceOrientations_iPhone = "UIInterfaceOrientationPortrait UIInterfaceOrientationLandscapeLeft UIInterfaceOrientationLandscapeRight";
				LD_RUNPATH_SEARCH_PATHS = (
					"$(inherited)",
					"@executable_path/Frameworks",
				);
				MARKETING_VERSION = 1.0;
				PRODUCT_BUNDLE_IDENTIFIER = "kwk.to-doList";
				PRODUCT_NAME = "$(TARGET_NAME)";
				SWIFT_EMIT_LOC_STRINGS = YES;
				SWIFT_VERSION = 5.0;
				TARGETED_DEVICE_FAMILY = "1,2";
			};
			name = Debug;
		};
		BD32358328AA859900BDF6F4 /* Release */ = {
			isa = XCBuildConfiguration;
			buildSettings = {
				ASSETCATALOG_COMPILER_APPICON_NAME = AppIcon;
				ASSETCATALOG_COMPILER_GLOBAL_ACCENT_COLOR_NAME = AccentColor;
				CODE_SIGN_STYLE = Automatic;
				CURRENT_PROJECT_VERSION = 1;
				GENERATE_INFOPLIST_FILE = YES;
				INFOPLIST_FILE = "to-doList/Info.plist";
				INFOPLIST_KEY_UIApplicationSupportsIndirectInputEvents = YES;
				INFOPLIST_KEY_UILaunchStoryboardName = LaunchScreen;
				INFOPLIST_KEY_UIMainStoryboardFile = Main;
				INFOPLIST_KEY_UISupportedInterfaceOrientations_iPad = "UIInterfaceOrientationPortrait UIInterfaceOrientationPortraitUpsideDown UIInterfaceOrientationLandscapeLeft UIInterfaceOrientationLandscapeRight";
				INFOPLIST_KEY_UISupportedInterfaceOrientations_iPhone = "UIInterfaceOrientationPortrait UIInterfaceOrientationLandscapeLeft UIInterfaceOrientationLandscapeRight";
				LD_RUNPATH_SEARCH_PATHS = (
					"$(inherited)",
					"@executable_path/Frameworks",
				);
				MARKETING_VERSION = 1.0;
				PRODUCT_BUNDLE_IDENTIFIER = "kwk.to-doList";
				PRODUCT_NAME = "$(TARGET_NAME)";
				SWIFT_EMIT_LOC_STRINGS = YES;
				SWIFT_VERSION = 5.0;
				TARGETED_DEVICE_FAMILY = "1,2";
			};
			name = Release;
		};
		BD32358528AA859900BDF6F4 /* Debug */ = {
			isa = XCBuildConfiguration;
			buildSettings = {
				ALWAYS_EMBED_SWIFT_STANDARD_LIBRARIES = YES;
				BUNDLE_LOADER = "$(TEST_HOST)";
				CODE_SIGN_STYLE = Automatic;
				CURRENT_PROJECT_VERSION = 1;
				GENERATE_INFOPLIST_FILE = YES;
				IPHONEOS_DEPLOYMENT_TARGET = 15.5;
				MARKETING_VERSION = 1.0;
				PRODUCT_BUNDLE_IDENTIFIER = "kwk.to-doListTests";
				PRODUCT_NAME = "$(TARGET_NAME)";
				SWIFT_EMIT_LOC_STRINGS = NO;
				SWIFT_VERSION = 5.0;
				TARGETED_DEVICE_FAMILY = "1,2";
				TEST_HOST = "$(BUILT_PRODUCTS_DIR)/to-doList.app/to-doList";
			};
			name = Debug;
		};
		BD32358628AA859900BDF6F4 /* Release */ = {
			isa = XCBuildConfiguration;
			buildSettings = {
				ALWAYS_EMBED_SWIFT_STANDARD_LIBRARIES = YES;
				BUNDLE_LOADER = "$(TEST_HOST)";
				CODE_SIGN_STYLE = Automatic;
				CURRENT_PROJECT_VERSION = 1;
				GENERATE_INFOPLIST_FILE = YES;
				IPHONEOS_DEPLOYMENT_TARGET = 15.5;
				MARKETING_VERSION = 1.0;
				PRODUCT_BUNDLE_IDENTIFIER = "kwk.to-doListTests";
				PRODUCT_NAME = "$(TARGET_NAME)";
				SWIFT_EMIT_LOC_STRINGS = NO;
				SWIFT_VERSION = 5.0;
				TARGETED_DEVICE_FAMILY = "1,2";
				TEST_HOST = "$(BUILT_PRODUCTS_DIR)/to-doList.app/to-doList";
			};
			name = Release;
		};
		BD32358828AA859900BDF6F4 /* Debug */ = {
			isa = XCBuildConfiguration;
			buildSettings = {
				ALWAYS_EMBED_SWIFT_STANDARD_LIBRARIES = YES;
				CODE_SIGN_STYLE = Automatic;
				CURRENT_PROJECT_VERSION = 1;
				GENERATE_INFOPLIST_FILE = YES;
				MARKETING_VERSION = 1.0;
				PRODUCT_BUNDLE_IDENTIFIER = "kwk.to-doListUITests";
				PRODUCT_NAME = "$(TARGET_NAME)";
				SWIFT_EMIT_LOC_STRINGS = NO;
				SWIFT_VERSION = 5.0;
				TARGETED_DEVICE_FAMILY = "1,2";
				TEST_TARGET_NAME = "to-doList";
			};
			name = Debug;
		};
		BD32358928AA859900BDF6F4 /* Release */ = {
			isa = XCBuildConfiguration;
			buildSettings = {
				ALWAYS_EMBED_SWIFT_STANDARD_LIBRARIES = YES;
				CODE_SIGN_STYLE = Automatic;
				CURRENT_PROJECT_VERSION = 1;
				GENERATE_INFOPLIST_FILE = YES;
				MARKETING_VERSION = 1.0;
				PRODUCT_BUNDLE_IDENTIFIER = "kwk.to-doListUITests";
				PRODUCT_NAME = "$(TARGET_NAME)";
				SWIFT_EMIT_LOC_STRINGS = NO;
				SWIFT_VERSION = 5.0;
				TARGETED_DEVICE_FAMILY = "1,2";
				TEST_TARGET_NAME = "to-doList";
			};
			name = Release;
		};
/* End XCBuildConfiguration section */

/* Begin XCConfigurationList section */
		BD32354F28AA859800BDF6F4 /* Build configuration list for PBXProject "to-doList" */ = {
			isa = XCConfigurationList;
			buildConfigurations = (
				BD32357F28AA859900BDF6F4 /* Debug */,
				BD32358028AA859900BDF6F4 /* Release */,
			);
			defaultConfigurationIsVisible = 0;
			defaultConfigurationName = Release;
		};
		BD32358128AA859900BDF6F4 /* Build configuration list for PBXNativeTarget "to-doList" */ = {
			isa = XCConfigurationList;
			buildConfigurations = (
				BD32358228AA859900BDF6F4 /* Debug */,
				BD32358328AA859900BDF6F4 /* Release */,
			);
			defaultConfigurationIsVisible = 0;
			defaultConfigurationName = Release;
		};
		BD32358428AA859900BDF6F4 /* Build configuration list for PBXNativeTarget "to-doListTests" */ = {
			isa = XCConfigurationList;
			buildConfigurations = (
				BD32358528AA859900BDF6F4 /* Debug */,
				BD32358628AA859900BDF6F4 /* Release */,
			);
			defaultConfigurationIsVisible = 0;
			defaultConfigurationName = Release;
		};
		BD32358728AA859900BDF6F4 /* Build configuration list for PBXNativeTarget "to-doListUITests" */ = {
			isa = XCConfigurationList;
			buildConfigurations = (
				BD32358828AA859900BDF6F4 /* Debug */,
				BD32358928AA859900BDF6F4 /* Release */,
			);
			defaultConfigurationIsVisible = 0;
			defaultConfigurationName = Release;
		};
/* End XCConfigurationList section */

/* Begin XCVersionGroup section */
		BD32356028AA859800BDF6F4 /* to_doList.xcdatamodeld */ = {
			isa = XCVersionGroup;
			children = (
				BD32356128AA859800BDF6F4 /* to_doList.xcdatamodel */,
			);
			currentVersion = BD32356128AA859800BDF6F4 /* to_doList.xcdatamodel */;
			path = to_doList.xcdatamodeld;
			sourceTree = "<group>";
			versionGroupType = wrapper.xcdatamodel;
		};
/* End XCVersionGroup section */
	};
	rootObject = BD32354C28AA859800BDF6F4 /* Project object */;
}
