// !$*UTF8*$!
{
	archiveVersion = 1;
	classes = {
	};
	objectVersion = 55;
	objects = {

/* Begin PBXBuildFile section */
		BD631BE328A3F817005BDA29 /* AppDelegate.swift in Sources */ = {isa = PBXBuildFile; fileRef = BD631BE228A3F817005BDA29 /* AppDelegate.swift */; };
		BD631BE528A3F817005BDA29 /* SceneDelegate.swift in Sources */ = {isa = PBXBuildFile; fileRef = BD631BE428A3F817005BDA29 /* SceneDelegate.swift */; };
		BD631BE728A3F817005BDA29 /* ViewController.swift in Sources */ = {isa = PBXBuildFile; fileRef = BD631BE628A3F817005BDA29 /* ViewController.swift */; };
		BD631BEA28A3F817005BDA29 /* Main.storyboard in Resources */ = {isa = PBXBuildFile; fileRef = BD631BE828A3F817005BDA29 /* Main.storyboard */; };
		BD631BED28A3F817005BDA29 /* demo.xcdatamodeld in Sources */ = {isa = PBXBuildFile; fileRef = BD631BEB28A3F817005BDA29 /* demo.xcdatamodeld */; };
		BD631BEF28A3F818005BDA29 /* Assets.xcassets in Resources */ = {isa = PBXBuildFile; fileRef = BD631BEE28A3F818005BDA29 /* Assets.xcassets */; };
		BD631BF228A3F818005BDA29 /* LaunchScreen.storyboard in Resources */ = {isa = PBXBuildFile; fileRef = BD631BF028A3F818005BDA29 /* LaunchScreen.storyboard */; };
		BD631BFD28A3F818005BDA29 /* demoTests.swift in Sources */ = {isa = PBXBuildFile; fileRef = BD631BFC28A3F818005BDA29 /* demoTests.swift */; };
		BD631C0728A3F818005BDA29 /* demoUITests.swift in Sources */ = {isa = PBXBuildFile; fileRef = BD631C0628A3F818005BDA29 /* demoUITests.swift */; };
		BD631C0928A3F818005BDA29 /* demoUITestsLaunchTests.swift in Sources */ = {isa = PBXBuildFile; fileRef = BD631C0828A3F818005BDA29 /* demoUITestsLaunchTests.swift */; };
/* End PBXBuildFile section */

/* Begin PBXContainerItemProxy section */
		BD631BF928A3F818005BDA29 /* PBXContainerItemProxy */ = {
			isa = PBXContainerItemProxy;
			containerPortal = BD631BD728A3F817005BDA29 /* Project object */;
			proxyType = 1;
			remoteGlobalIDString = BD631BDE28A3F817005BDA29;
			remoteInfo = demo;
		};
		BD631C0328A3F818005BDA29 /* PBXContainerItemProxy */ = {
			isa = PBXContainerItemProxy;
			containerPortal = BD631BD728A3F817005BDA29 /* Project object */;
			proxyType = 1;
			remoteGlobalIDString = BD631BDE28A3F817005BDA29;
			remoteInfo = demo;
		};
/* End PBXContainerItemProxy section */

/* Begin PBXFileReference section */
		BD631BDF28A3F817005BDA29 /* demo.app */ = {isa = PBXFileReference; explicitFileType = wrapper.application; includeInIndex = 0; path = demo.app; sourceTree = BUILT_PRODUCTS_DIR; };
		BD631BE228A3F817005BDA29 /* AppDelegate.swift */ = {isa = PBXFileReference; lastKnownFileType = sourcecode.swift; path = AppDelegate.swift; sourceTree = "<group>"; };
		BD631BE428A3F817005BDA29 /* SceneDelegate.swift */ = {isa = PBXFileReference; lastKnownFileType = sourcecode.swift; path = SceneDelegate.swift; sourceTree = "<group>"; };
		BD631BE628A3F817005BDA29 /* ViewController.swift */ = {isa = PBXFileReference; lastKnownFileType = sourcecode.swift; path = ViewController.swift; sourceTree = "<group>"; };
		BD631BE928A3F817005BDA29 /* Base */ = {isa = PBXFileReference; lastKnownFileType = file.storyboard; name = Base; path = Base.lproj/Main.storyboard; sourceTree = "<group>"; };
		BD631BEC28A3F817005BDA29 /* demo.xcdatamodel */ = {isa = PBXFileReference; lastKnownFileType = wrapper.xcdatamodel; path = demo.xcdatamodel; sourceTree = "<group>"; };
		BD631BEE28A3F818005BDA29 /* Assets.xcassets */ = {isa = PBXFileReference; lastKnownFileType = folder.assetcatalog; path = Assets.xcassets; sourceTree = "<group>"; };
		BD631BF128A3F818005BDA29 /* Base */ = {isa = PBXFileReference; lastKnownFileType = file.storyboard; name = Base; path = Base.lproj/LaunchScreen.storyboard; sourceTree = "<group>"; };
		BD631BF328A3F818005BDA29 /* Info.plist */ = {isa = PBXFileReference; lastKnownFileType = text.plist.xml; path = Info.plist; sourceTree = "<group>"; };
		BD631BF828A3F818005BDA29 /* demoTests.xctest */ = {isa = PBXFileReference; explicitFileType = wrapper.cfbundle; includeInIndex = 0; path = demoTests.xctest; sourceTree = BUILT_PRODUCTS_DIR; };
		BD631BFC28A3F818005BDA29 /* demoTests.swift */ = {isa = PBXFileReference; lastKnownFileType = sourcecode.swift; path = demoTests.swift; sourceTree = "<group>"; };
		BD631C0228A3F818005BDA29 /* demoUITests.xctest */ = {isa = PBXFileReference; explicitFileType = wrapper.cfbundle; includeInIndex = 0; path = demoUITests.xctest; sourceTree = BUILT_PRODUCTS_DIR; };
		BD631C0628A3F818005BDA29 /* demoUITests.swift */ = {isa = PBXFileReference; lastKnownFileType = sourcecode.swift; path = demoUITests.swift; sourceTree = "<group>"; };
		BD631C0828A3F818005BDA29 /* demoUITestsLaunchTests.swift */ = {isa = PBXFileReference; lastKnownFileType = sourcecode.swift; path = demoUITestsLaunchTests.swift; sourceTree = "<group>"; };
/* End PBXFileReference section */

/* Begin PBXFrameworksBuildPhase section */
		BD631BDC28A3F817005BDA29 /* Frameworks */ = {
			isa = PBXFrameworksBuildPhase;
			buildActionMask = 2147483647;
			files = (
			);
			runOnlyForDeploymentPostprocessing = 0;
		};
		BD631BF528A3F818005BDA29 /* Frameworks */ = {
			isa = PBXFrameworksBuildPhase;
			buildActionMask = 2147483647;
			files = (
			);
			runOnlyForDeploymentPostprocessing = 0;
		};
		BD631BFF28A3F818005BDA29 /* Frameworks */ = {
			isa = PBXFrameworksBuildPhase;
			buildActionMask = 2147483647;
			files = (
			);
			runOnlyForDeploymentPostprocessing = 0;
		};
/* End PBXFrameworksBuildPhase section */

/* Begin PBXGroup section */
		BD631BD628A3F817005BDA29 = {
			isa = PBXGroup;
			children = (
				BD631BE128A3F817005BDA29 /* demo */,
				BD631BFB28A3F818005BDA29 /* demoTests */,
				BD631C0528A3F818005BDA29 /* demoUITests */,
				BD631BE028A3F817005BDA29 /* Products */,
			);
			sourceTree = "<group>";
		};
		BD631BE028A3F817005BDA29 /* Products */ = {
			isa = PBXGroup;
			children = (
				BD631BDF28A3F817005BDA29 /* demo.app */,
				BD631BF828A3F818005BDA29 /* demoTests.xctest */,
				BD631C0228A3F818005BDA29 /* demoUITests.xctest */,
			);
			name = Products;
			sourceTree = "<group>";
		};
		BD631BE128A3F817005BDA29 /* demo */ = {
			isa = PBXGroup;
			children = (
				BD631BE228A3F817005BDA29 /* AppDelegate.swift */,
				BD631BE428A3F817005BDA29 /* SceneDelegate.swift */,
				BD631BE628A3F817005BDA29 /* ViewController.swift */,
				BD631BE828A3F817005BDA29 /* Main.storyboard */,
				BD631BEE28A3F818005BDA29 /* Assets.xcassets */,
				BD631BF028A3F818005BDA29 /* LaunchScreen.storyboard */,
				BD631BF328A3F818005BDA29 /* Info.plist */,
				BD631BEB28A3F817005BDA29 /* demo.xcdatamodeld */,
			);
			path = demo;
			sourceTree = "<group>";
		};
		BD631BFB28A3F818005BDA29 /* demoTests */ = {
			isa = PBXGroup;
			children = (
				BD631BFC28A3F818005BDA29 /* demoTests.swift */,
			);
			path = demoTests;
			sourceTree = "<group>";
		};
		BD631C0528A3F818005BDA29 /* demoUITests */ = {
			isa = PBXGroup;
			children = (
				BD631C0628A3F818005BDA29 /* demoUITests.swift */,
				BD631C0828A3F818005BDA29 /* demoUITestsLaunchTests.swift */,
			);
			path = demoUITests;
			sourceTree = "<group>";
		};
/* End PBXGroup section */

/* Begin PBXNativeTarget section */
		BD631BDE28A3F817005BDA29 /* demo */ = {
			isa = PBXNativeTarget;
			buildConfigurationList = BD631C0C28A3F818005BDA29 /* Build configuration list for PBXNativeTarget "demo" */;
			buildPhases = (
				BD631BDB28A3F817005BDA29 /* Sources */,
				BD631BDC28A3F817005BDA29 /* Frameworks */,
				BD631BDD28A3F817005BDA29 /* Resources */,
			);
			buildRules = (
			);
			dependencies = (
			);
			name = demo;
			productName = demo;
			productReference = BD631BDF28A3F817005BDA29 /* demo.app */;
			productType = "com.apple.product-type.application";
		};
		BD631BF728A3F818005BDA29 /* demoTests */ = {
			isa = PBXNativeTarget;
			buildConfigurationList = BD631C0F28A3F818005BDA29 /* Build configuration list for PBXNativeTarget "demoTests" */;
			buildPhases = (
				BD631BF428A3F818005BDA29 /* Sources */,
				BD631BF528A3F818005BDA29 /* Frameworks */,
				BD631BF628A3F818005BDA29 /* Resources */,
			);
			buildRules = (
			);
			dependencies = (
				BD631BFA28A3F818005BDA29 /* PBXTargetDependency */,
			);
			name = demoTests;
			productName = demoTests;
			productReference = BD631BF828A3F818005BDA29 /* demoTests.xctest */;
			productType = "com.apple.product-type.bundle.unit-test";
		};
		BD631C0128A3F818005BDA29 /* demoUITests */ = {
			isa = PBXNativeTarget;
			buildConfigurationList = BD631C1228A3F818005BDA29 /* Build configuration list for PBXNativeTarget "demoUITests" */;
			buildPhases = (
				BD631BFE28A3F818005BDA29 /* Sources */,
				BD631BFF28A3F818005BDA29 /* Frameworks */,
				BD631C0028A3F818005BDA29 /* Resources */,
			);
			buildRules = (
			);
			dependencies = (
				BD631C0428A3F818005BDA29 /* PBXTargetDependency */,
			);
			name = demoUITests;
			productName = demoUITests;
			productReference = BD631C0228A3F818005BDA29 /* demoUITests.xctest */;
			productType = "com.apple.product-type.bundle.ui-testing";
		};
/* End PBXNativeTarget section */

/* Begin PBXProject section */
		BD631BD728A3F817005BDA29 /* Project object */ = {
			isa = PBXProject;
			attributes = {
				BuildIndependentTargetsInParallel = 1;
				LastSwiftUpdateCheck = 1340;
				LastUpgradeCheck = 1340;
				TargetAttributes = {
					BD631BDE28A3F817005BDA29 = {
						CreatedOnToolsVersion = 13.4.1;
					};
					BD631BF728A3F818005BDA29 = {
						CreatedOnToolsVersion = 13.4.1;
						TestTargetID = BD631BDE28A3F817005BDA29;
					};
					BD631C0128A3F818005BDA29 = {
						CreatedOnToolsVersion = 13.4.1;
						TestTargetID = BD631BDE28A3F817005BDA29;
					};
				};
			};
			buildConfigurationList = BD631BDA28A3F817005BDA29 /* Build configuration list for PBXProject "demo" */;
			compatibilityVersion = "Xcode 13.0";
			developmentRegion = en;
			hasScannedForEncodings = 0;
			knownRegions = (
				en,
				Base,
			);
			mainGroup = BD631BD628A3F817005BDA29;
			productRefGroup = BD631BE028A3F817005BDA29 /* Products */;
			projectDirPath = "";
			projectRoot = "";
			targets = (
				BD631BDE28A3F817005BDA29 /* demo */,
				BD631BF728A3F818005BDA29 /* demoTests */,
				BD631C0128A3F818005BDA29 /* demoUITests */,
			);
		};
/* End PBXProject section */

/* Begin PBXResourcesBuildPhase section */
		BD631BDD28A3F817005BDA29 /* Resources */ = {
			isa = PBXResourcesBuildPhase;
			buildActionMask = 2147483647;
			files = (
				BD631BF228A3F818005BDA29 /* LaunchScreen.storyboard in Resources */,
				BD631BEF28A3F818005BDA29 /* Assets.xcassets in Resources */,
				BD631BEA28A3F817005BDA29 /* Main.storyboard in Resources */,
			);
			runOnlyForDeploymentPostprocessing = 0;
		};
		BD631BF628A3F818005BDA29 /* Resources */ = {
			isa = PBXResourcesBuildPhase;
			buildActionMask = 2147483647;
			files = (
			);
			runOnlyForDeploymentPostprocessing = 0;
		};
		BD631C0028A3F818005BDA29 /* Resources */ = {
			isa = PBXResourcesBuildPhase;
			buildActionMask = 2147483647;
			files = (
			);
			runOnlyForDeploymentPostprocessing = 0;
		};
/* End PBXResourcesBuildPhase section */

/* Begin PBXSourcesBuildPhase section */
		BD631BDB28A3F817005BDA29 /* Sources */ = {
			isa = PBXSourcesBuildPhase;
			buildActionMask = 2147483647;
			files = (
				BD631BE728A3F817005BDA29 /* ViewController.swift in Sources */,
				BD631BE328A3F817005BDA29 /* AppDelegate.swift in Sources */,
				BD631BED28A3F817005BDA29 /* demo.xcdatamodeld in Sources */,
				BD631BE528A3F817005BDA29 /* SceneDelegate.swift in Sources */,
			);
			runOnlyForDeploymentPostprocessing = 0;
		};
		BD631BF428A3F818005BDA29 /* Sources */ = {
			isa = PBXSourcesBuildPhase;
			buildActionMask = 2147483647;
			files = (
				BD631BFD28A3F818005BDA29 /* demoTests.swift in Sources */,
			);
			runOnlyForDeploymentPostprocessing = 0;
		};
		BD631BFE28A3F818005BDA29 /* Sources */ = {
			isa = PBXSourcesBuildPhase;
			buildActionMask = 2147483647;
			files = (
				BD631C0728A3F818005BDA29 /* demoUITests.swift in Sources */,
				BD631C0928A3F818005BDA29 /* demoUITestsLaunchTests.swift in Sources */,
			);
			runOnlyForDeploymentPostprocessing = 0;
		};
/* End PBXSourcesBuildPhase section */

/* Begin PBXTargetDependency section */
		BD631BFA28A3F818005BDA29 /* PBXTargetDependency */ = {
			isa = PBXTargetDependency;
			target = BD631BDE28A3F817005BDA29 /* demo */;
			targetProxy = BD631BF928A3F818005BDA29 /* PBXContainerItemProxy */;
		};
		BD631C0428A3F818005BDA29 /* PBXTargetDependency */ = {
			isa = PBXTargetDependency;
			target = BD631BDE28A3F817005BDA29 /* demo */;
			targetProxy = BD631C0328A3F818005BDA29 /* PBXContainerItemProxy */;
		};
/* End PBXTargetDependency section */

/* Begin PBXVariantGroup section */
		BD631BE828A3F817005BDA29 /* Main.storyboard */ = {
			isa = PBXVariantGroup;
			children = (
				BD631BE928A3F817005BDA29 /* Base */,
			);
			name = Main.storyboard;
			sourceTree = "<group>";
		};
		BD631BF028A3F818005BDA29 /* LaunchScreen.storyboard */ = {
			isa = PBXVariantGroup;
			children = (
				BD631BF128A3F818005BDA29 /* Base */,
			);
			name = LaunchScreen.storyboard;
			sourceTree = "<group>";
		};
/* End PBXVariantGroup section */

/* Begin XCBuildConfiguration section */
		BD631C0A28A3F818005BDA29 /* Debug */ = {
			isa = XCBuildConfiguration;
			buildSettings = {
				ALWAYS_SEARCH_USER_PATHS = NO;
				CLANG_ANALYZER_NONNULL = YES;
				CLANG_ANALYZER_NUMBER_OBJECT_CONVERSION = YES_AGGRESSIVE;
				CLANG_CXX_LANGUAGE_STANDARD = "gnu++17";
				CLANG_ENABLE_MODULES = YES;
				CLANG_ENABLE_OBJC_ARC = YES;
				CLANG_ENABLE_OBJC_WEAK = YES;
				CLANG_WARN_BLOCK_CAPTURE_AUTORELEASING = YES;
				CLANG_WARN_BOOL_CONVERSION = YES;
				CLANG_WARN_COMMA = YES;
				CLANG_WARN_CONSTANT_CONVERSION = YES;
				CLANG_WARN_DEPRECATED_OBJC_IMPLEMENTATIONS = YES;
				CLANG_WARN_DIRECT_OBJC_ISA_USAGE = YES_ERROR;
				CLANG_WARN_DOCUMENTATION_COMMENTS = YES;
				CLANG_WARN_EMPTY_BODY = YES;
				CLANG_WARN_ENUM_CONVERSION = YES;
				CLANG_WARN_INFINITE_RECURSION = YES;
				CLANG_WARN_INT_CONVERSION = YES;
				CLANG_WARN_NON_LITERAL_NULL_CONVERSION = YES;
				CLANG_WARN_OBJC_IMPLICIT_RETAIN_SELF = YES;
				CLANG_WARN_OBJC_LITERAL_CONVERSION = YES;
				CLANG_WARN_OBJC_ROOT_CLASS = YES_ERROR;
				CLANG_WARN_QUOTED_INCLUDE_IN_FRAMEWORK_HEADER = YES;
				CLANG_WARN_RANGE_LOOP_ANALYSIS = YES;
				CLANG_WARN_STRICT_PROTOTYPES = YES;
				CLANG_WARN_SUSPICIOUS_MOVE = YES;
				CLANG_WARN_UNGUARDED_AVAILABILITY = YES_AGGRESSIVE;
				CLANG_WARN_UNREACHABLE_CODE = YES;
				CLANG_WARN__DUPLICATE_METHOD_MATCH = YES;
				COPY_PHASE_STRIP = NO;
				DEBUG_INFORMATION_FORMAT = dwarf;
				ENABLE_STRICT_OBJC_MSGSEND = YES;
				ENABLE_TESTABILITY = YES;
				GCC_C_LANGUAGE_STANDARD = gnu11;
				GCC_DYNAMIC_NO_PIC = NO;
				GCC_NO_COMMON_BLOCKS = YES;
				GCC_OPTIMIZATION_LEVEL = 0;
				GCC_PREPROCESSOR_DEFINITIONS = (
					"DEBUG=1",
					"$(inherited)",
				);
				GCC_WARN_64_TO_32_BIT_CONVERSION = YES;
				GCC_WARN_ABOUT_RETURN_TYPE = YES_ERROR;
				GCC_WARN_UNDECLARED_SELECTOR = YES;
				GCC_WARN_UNINITIALIZED_AUTOS = YES_AGGRESSIVE;
				GCC_WARN_UNUSED_FUNCTION = YES;
				GCC_WARN_UNUSED_VARIABLE = YES;
				IPHONEOS_DEPLOYMENT_TARGET = 15.5;
				MTL_ENABLE_DEBUG_INFO = INCLUDE_SOURCE;
				MTL_FAST_MATH = YES;
				ONLY_ACTIVE_ARCH = YES;
				SDKROOT = iphoneos;
				SWIFT_ACTIVE_COMPILATION_CONDITIONS = DEBUG;
				SWIFT_OPTIMIZATION_LEVEL = "-Onone";
			};
			name = Debug;
		};
		BD631C0B28A3F818005BDA29 /* Release */ = {
			isa = XCBuildConfiguration;
			buildSettings = {
				ALWAYS_SEARCH_USER_PATHS = NO;
				CLANG_ANALYZER_NONNULL = YES;
				CLANG_ANALYZER_NUMBER_OBJECT_CONVERSION = YES_AGGRESSIVE;
				CLANG_CXX_LANGUAGE_STANDARD = "gnu++17";
				CLANG_ENABLE_MODULES = YES;
				CLANG_ENABLE_OBJC_ARC = YES;
				CLANG_ENABLE_OBJC_WEAK = YES;
				CLANG_WARN_BLOCK_CAPTURE_AUTORELEASING = YES;
				CLANG_WARN_BOOL_CONVERSION = YES;
				CLANG_WARN_COMMA = YES;
				CLANG_WARN_CONSTANT_CONVERSION = YES;
				CLANG_WARN_DEPRECATED_OBJC_IMPLEMENTATIONS = YES;
				CLANG_WARN_DIRECT_OBJC_ISA_USAGE = YES_ERROR;
				CLANG_WARN_DOCUMENTATION_COMMENTS = YES;
				CLANG_WARN_EMPTY_BODY = YES;
				CLANG_WARN_ENUM_CONVERSION = YES;
				CLANG_WARN_INFINITE_RECURSION = YES;
				CLANG_WARN_INT_CONVERSION = YES;
				CLANG_WARN_NON_LITERAL_NULL_CONVERSION = YES;
				CLANG_WARN_OBJC_IMPLICIT_RETAIN_SELF = YES;
				CLANG_WARN_OBJC_LITERAL_CONVERSION = YES;
				CLANG_WARN_OBJC_ROOT_CLASS = YES_ERROR;
				CLANG_WARN_QUOTED_INCLUDE_IN_FRAMEWORK_HEADER = YES;
				CLANG_WARN_RANGE_LOOP_ANALYSIS = YES;
				CLANG_WARN_STRICT_PROTOTYPES = YES;
				CLANG_WARN_SUSPICIOUS_MOVE = YES;
				CLANG_WARN_UNGUARDED_AVAILABILITY = YES_AGGRESSIVE;
				CLANG_WARN_UNREACHABLE_CODE = YES;
				CLANG_WARN__DUPLICATE_METHOD_MATCH = YES;
				COPY_PHASE_STRIP = NO;
				DEBUG_INFORMATION_FORMAT = "dwarf-with-dsym";
				ENABLE_NS_ASSERTIONS = NO;
				ENABLE_STRICT_OBJC_MSGSEND = YES;
				GCC_C_LANGUAGE_STANDARD = gnu11;
				GCC_NO_COMMON_BLOCKS = YES;
				GCC_WARN_64_TO_32_BIT_CONVERSION = YES;
				GCC_WARN_ABOUT_RETURN_TYPE = YES_ERROR;
				GCC_WARN_UNDECLARED_SELECTOR = YES;
				GCC_WARN_UNINITIALIZED_AUTOS = YES_AGGRESSIVE;
				GCC_WARN_UNUSED_FUNCTION = YES;
				GCC_WARN_UNUSED_VARIABLE = YES;
				IPHONEOS_DEPLOYMENT_TARGET = 15.5;
				MTL_ENABLE_DEBUG_INFO = NO;
				MTL_FAST_MATH = YES;
				SDKROOT = iphoneos;
				SWIFT_COMPILATION_MODE = wholemodule;
				SWIFT_OPTIMIZATION_LEVEL = "-O";
				VALIDATE_PRODUCT = YES;
			};
			name = Release;
		};
		BD631C0D28A3F818005BDA29 /* Debug */ = {
			isa = XCBuildConfiguration;
			buildSettings = {
				ASSETCATALOG_COMPILER_APPICON_NAME = AppIcon;
				ASSETCATALOG_COMPILER_GLOBAL_ACCENT_COLOR_NAME = AccentColor;
				CODE_SIGN_STYLE = Automatic;
				CURRENT_PROJECT_VERSION = 1;
				GENERATE_INFOPLIST_FILE = YES;
				INFOPLIST_FILE = demo/Info.plist;
				INFOPLIST_KEY_UIApplicationSupportsIndirectInputEvents = YES;
				INFOPLIST_KEY_UILaunchStoryboardName = LaunchScreen;
				INFOPLIST_KEY_UIMainStoryboardFile = Main;
				INFOPLIST_KEY_UISupportedInterfaceOrientations_iPad = "UIInterfaceOrientationPortrait UIInterfaceOrientationPortraitUpsideDown UIInterfaceOrientationLandscapeLeft UIInterfaceOrientationLandscapeRight";
				INFOPLIST_KEY_UISupportedInterfaceOrientations_iPhone = "UIInterfaceOrientationPortrait UIInterfaceOrientationLandscapeLeft UIInterfaceOrientationLandscapeRight";
				LD_RUNPATH_SEARCH_PATHS = (
					"$(inherited)",
					"@executable_path/Frameworks",
				);
				MARKETING_VERSION = 1.0;
				PRODUCT_BUNDLE_IDENTIFIER = kwk.demo;
				PRODUCT_NAME = "$(TARGET_NAME)";
				SWIFT_EMIT_LOC_STRINGS = YES;
				SWIFT_VERSION = 5.0;
				TARGETED_DEVICE_FAMILY = "1,2";
			};
			name = Debug;
		};
		BD631C0E28A3F818005BDA29 /* Release */ = {
			isa = XCBuildConfiguration;
			buildSettings = {
				ASSETCATALOG_COMPILER_APPICON_NAME = AppIcon;
				ASSETCATALOG_COMPILER_GLOBAL_ACCENT_COLOR_NAME = AccentColor;
				CODE_SIGN_STYLE = Automatic;
				CURRENT_PROJECT_VERSION = 1;
				GENERATE_INFOPLIST_FILE = YES;
				INFOPLIST_FILE = demo/Info.plist;
				INFOPLIST_KEY_UIApplicationSupportsIndirectInputEvents = YES;
				INFOPLIST_KEY_UILaunchStoryboardName = LaunchScreen;
				INFOPLIST_KEY_UIMainStoryboardFile = Main;
				INFOPLIST_KEY_UISupportedInterfaceOrientations_iPad = "UIInterfaceOrientationPortrait UIInterfaceOrientationPortraitUpsideDown UIInterfaceOrientationLandscapeLeft UIInterfaceOrientationLandscapeRight";
				INFOPLIST_KEY_UISupportedInterfaceOrientations_iPhone = "UIInterfaceOrientationPortrait UIInterfaceOrientationLandscapeLeft UIInterfaceOrientationLandscapeRight";
				LD_RUNPATH_SEARCH_PATHS = (
					"$(inherited)",
					"@executable_path/Frameworks",
				);
				MARKETING_VERSION = 1.0;
				PRODUCT_BUNDLE_IDENTIFIER = kwk.demo;
				PRODUCT_NAME = "$(TARGET_NAME)";
				SWIFT_EMIT_LOC_STRINGS = YES;
				SWIFT_VERSION = 5.0;
				TARGETED_DEVICE_FAMILY = "1,2";
			};
			name = Release;
		};
		BD631C1028A3F818005BDA29 /* Debug */ = {
			isa = XCBuildConfiguration;
			buildSettings = {
				ALWAYS_EMBED_SWIFT_STANDARD_LIBRARIES = YES;
				BUNDLE_LOADER = "$(TEST_HOST)";
				CODE_SIGN_STYLE = Automatic;
				CURRENT_PROJECT_VERSION = 1;
				GENERATE_INFOPLIST_FILE = YES;
				IPHONEOS_DEPLOYMENT_TARGET = 15.5;
				MARKETING_VERSION = 1.0;
				PRODUCT_BUNDLE_IDENTIFIER = kwk.demoTests;
				PRODUCT_NAME = "$(TARGET_NAME)";
				SWIFT_EMIT_LOC_STRINGS = NO;
				SWIFT_VERSION = 5.0;
				TARGETED_DEVICE_FAMILY = "1,2";
				TEST_HOST = "$(BUILT_PRODUCTS_DIR)/demo.app/demo";
			};
			name = Debug;
		};
		BD631C1128A3F818005BDA29 /* Release */ = {
			isa = XCBuildConfiguration;
			buildSettings = {
				ALWAYS_EMBED_SWIFT_STANDARD_LIBRARIES = YES;
				BUNDLE_LOADER = "$(TEST_HOST)";
				CODE_SIGN_STYLE = Automatic;
				CURRENT_PROJECT_VERSION = 1;
				GENERATE_INFOPLIST_FILE = YES;
				IPHONEOS_DEPLOYMENT_TARGET = 15.5;
				MARKETING_VERSION = 1.0;
				PRODUCT_BUNDLE_IDENTIFIER = kwk.demoTests;
				PRODUCT_NAME = "$(TARGET_NAME)";
				SWIFT_EMIT_LOC_STRINGS = NO;
				SWIFT_VERSION = 5.0;
				TARGETED_DEVICE_FAMILY = "1,2";
				TEST_HOST = "$(BUILT_PRODUCTS_DIR)/demo.app/demo";
			};
			name = Release;
		};
		BD631C1328A3F818005BDA29 /* Debug */ = {
			isa = XCBuildConfiguration;
			buildSettings = {
				ALWAYS_EMBED_SWIFT_STANDARD_LIBRARIES = YES;
				CODE_SIGN_STYLE = Automatic;
				CURRENT_PROJECT_VERSION = 1;
				GENERATE_INFOPLIST_FILE = YES;
				MARKETING_VERSION = 1.0;
				PRODUCT_BUNDLE_IDENTIFIER = kwk.demoUITests;
				PRODUCT_NAME = "$(TARGET_NAME)";
				SWIFT_EMIT_LOC_STRINGS = NO;
				SWIFT_VERSION = 5.0;
				TARGETED_DEVICE_FAMILY = "1,2";
				TEST_TARGET_NAME = demo;
			};
			name = Debug;
		};
		BD631C1428A3F818005BDA29 /* Release */ = {
			isa = XCBuildConfiguration;
			buildSettings = {
				ALWAYS_EMBED_SWIFT_STANDARD_LIBRARIES = YES;
				CODE_SIGN_STYLE = Automatic;
				CURRENT_PROJECT_VERSION = 1;
				GENERATE_INFOPLIST_FILE = YES;
				MARKETING_VERSION = 1.0;
				PRODUCT_BUNDLE_IDENTIFIER = kwk.demoUITests;
				PRODUCT_NAME = "$(TARGET_NAME)";
				SWIFT_EMIT_LOC_STRINGS = NO;
				SWIFT_VERSION = 5.0;
				TARGETED_DEVICE_FAMILY = "1,2";
				TEST_TARGET_NAME = demo;
			};
			name = Release;
		};
/* End XCBuildConfiguration section */

/* Begin XCConfigurationList section */
		BD631BDA28A3F817005BDA29 /* Build configuration list for PBXProject "demo" */ = {
			isa = XCConfigurationList;
			buildConfigurations = (
				BD631C0A28A3F818005BDA29 /* Debug */,
				BD631C0B28A3F818005BDA29 /* Release */,
			);
			defaultConfigurationIsVisible = 0;
			defaultConfigurationName = Release;
		};
		BD631C0C28A3F818005BDA29 /* Build configuration list for PBXNativeTarget "demo" */ = {
			isa = XCConfigurationList;
			buildConfigurations = (
				BD631C0D28A3F818005BDA29 /* Debug */,
				BD631C0E28A3F818005BDA29 /* Release */,
			);
			defaultConfigurationIsVisible = 0;
			defaultConfigurationName = Release;
		};
		BD631C0F28A3F818005BDA29 /* Build configuration list for PBXNativeTarget "demoTests" */ = {
			isa = XCConfigurationList;
			buildConfigurations = (
				BD631C1028A3F818005BDA29 /* Debug */,
				BD631C1128A3F818005BDA29 /* Release */,
			);
			defaultConfigurationIsVisible = 0;
			defaultConfigurationName = Release;
		};
		BD631C1228A3F818005BDA29 /* Build configuration list for PBXNativeTarget "demoUITests" */ = {
			isa = XCConfigurationList;
			buildConfigurations = (
				BD631C1328A3F818005BDA29 /* Debug */,
				BD631C1428A3F818005BDA29 /* Release */,
			);
			defaultConfigurationIsVisible = 0;
			defaultConfigurationName = Release;
		};
/* End XCConfigurationList section */

/* Begin XCVersionGroup section */
		BD631BEB28A3F817005BDA29 /* demo.xcdatamodeld */ = {
			isa = XCVersionGroup;
			children = (
				BD631BEC28A3F817005BDA29 /* demo.xcdatamodel */,
			);
			currentVersion = BD631BEC28A3F817005BDA29 /* demo.xcdatamodel */;
			path = demo.xcdatamodeld;
			sourceTree = "<group>";
			versionGroupType = wrapper.xcdatamodel;
		};
/* End XCVersionGroup section */
	};
	rootObject = BD631BD728A3F817005BDA29 /* Project object */;
}
